
Microsoft Visual Studio Solution File, Format Version 12.00
# Visual Studio Version 17
VisualStudioVersion = 17.7.34221.43
MinimumVisualStudioVersion = 10.0.40219.1
Project("{FAE04EC0-301F-11D3-BF4B-00C04F79EFBC}") = "ConsoleFodyLog", "ConsoleFodyLog\ConsoleFodyLog.csproj", "{11FB4A15-EB06-4A81-9CB4-93BB36D49687}"
EndProject
Global
	GlobalSection(SolutionConfigurationPlatforms) = preSolution
		Debug|Any CPU = Debug|Any CPU
		Release|Any CPU = Release|Any CPU
	EndGlobalSection
	GlobalSection(ProjectConfigurationPlatforms) = postSolution
		{11FB4A15-EB06-4A81-9CB4-93BB36D49687}.Debug|Any CPU.ActiveCfg = Debug|Any CPU
		{11FB4A15-EB06-4A81-9CB4-93BB36D49687}.Debug|Any CPU.Build.0 = Debug|Any CPU
		{11FB4A15-EB06-4A81-9CB4-93BB36D49687}.Release|Any CPU.ActiveCfg = Release|Any CPU
		{11FB4A15-EB06-4A81-9CB4-93BB36D49687}.Release|Any CPU.Build.0 = Release|Any CPU
	EndGlobalSection
	GlobalSection(SolutionProperties) = preSolution
		HideSolutionNode = FALSE
	EndGlobalSection
	GlobalSection(ExtensibilityGlobals) = postSolution
		SolutionGuid = {8797B400-5CE9-43FF-A6B9-8B8E33F2EEE2}
	EndGlobalSection
EndGlobal
